
Microsoft Visual Studio Solution File, Format Version 12.00
# Visual Studio 15
VisualStudioVersion = 15.0.28010.2048
MinimumVisualStudioVersion = 10.0.40219.1
Project("{FAE04EC0-301F-11D3-BF4B-00C04F79EFBC}") = "Egyszamjatek", "Ca201904091\Egyszamjatek.csproj", "{63635FAA-6A28-4E8B-8EB9-A992392DA2EC}"
EndProject
Global
	GlobalSection(SolutionConfigurationPlatforms) = preSolution
		Debug|Any CPU = Debug|Any CPU
		Release|Any CPU = Release|Any CPU
	EndGlobalSection
	GlobalSection(ProjectConfigurationPlatforms) = postSolution
		{63635FAA-6A28-4E8B-8EB9-A992392DA2EC}.Debug|Any CPU.ActiveCfg = Debug|Any CPU
		{63635FAA-6A28-4E8B-8EB9-A992392DA2EC}.Debug|Any CPU.Build.0 = Debug|Any CPU
		{63635FAA-6A28-4E8B-8EB9-A992392DA2EC}.Release|Any CPU.ActiveCfg = Release|Any CPU
		{63635FAA-6A28-4E8B-8EB9-A992392DA2EC}.Release|Any CPU.Build.0 = Release|Any CPU
	EndGlobalSection
	GlobalSection(SolutionProperties) = preSolution
		HideSolutionNode = FALSE
	EndGlobalSection
	GlobalSection(ExtensibilityGlobals) = postSolution
		SolutionGuid = {6E810427-DF78-430F-A306-C6655A1E06AD}
	EndGlobalSection
EndGlobal
